PackratFormat: 1.4
PackratVersion: 0.4.1.1
RVersion: 3.1.2
Repos: CRAN=http://cran.rstudio.com

Package: boot
Source: CRAN
Version: 1.3-13
Hash: b7cbc3fb6573c85e242ca825c1e3e875

Package: car
Source: CRAN
Version: 2.0-22
Hash: 2fb4da98043926a3745e0c6a2f23fd04
Requires: MASS

Package: colorspace
Source: CRAN
Version: 1.2-4
Hash: b775bd08a10f968fef582304b7c3ab9c

Package: dichromat
Source: CRAN
Version: 2.0-0
Hash: 42be2136555fa4b6167605df56d8cd7c

Package: digest
Source: CRAN
Version: 0.6.4
Hash: e4bf0e79b15a352510aff0de905d31e2

Package: dplR
Source: CRAN
Version: 1.6.0
Hash: 43f03784b421367c524af17c305bdb27
Requires: digest, gmp, lattice, stringr, XML

Package: ggplot2
Source: CRAN
Version: 1.0.0
Hash: c8bff66238347472f08b6a35608539ff
Requires: digest, gtable, MASS, plyr, proto, reshape2, scales

Package: gmp
Source: CRAN
Version: 0.5-12
Hash: 7b3e2b50df04e0491d2ee221f26d6a3f

Package: gtable
Source: CRAN
Version: 0.1.2
Hash: 0cf4a2b54c02b35dec7e74a8ebed12a0

Package: labeling
Source: CRAN
Version: 0.3
Hash: 568a992912caf7eeddfb121924154047

Package: lattice
Source: CRAN
Version: 0.20-29
Hash: 17e9fe582d11197544a5ec817a80b21e

Package: MASS
Source: CRAN
Version: 7.3-35
Hash: 2a7641e407ce2a484d5a587a4e30a9aa

Package: MuMIn
Source: CRAN
Version: 1.12.1
Hash: a013c36bc3ea49692e7ef67923441f44

Package: munsell
Source: CRAN
Version: 0.4.2
Hash: fa8af6d040041439b249351e9d16ae9a
Requires: colorspace

Package: packrat
Source: CRAN
Version: 0.4.1-1
Hash: 5716097644904b9c1b4be2692de16005

Package: plyr
Source: CRAN
Version: 1.8.1
Hash: 6a287219196e18bc6261dc11b41b1ca0
Requires: Rcpp

Package: proto
Source: CRAN
Version: 0.3-10
Hash: 668a9e87cedbdc5f56c396edf1bd2648

Package: RColorBrewer
Source: CRAN
Version: 1.1-2
Hash: 5203278413b09be06483c5ac1920bb05

Package: Rcpp
Source: CRAN
Version: 0.11.3
Hash: d9cc0a13885961b2d004cf73b0fb68dd

Package: reshape
Source: CRAN
Version: 0.8.5
Hash: 3a8bcdf002df52627d35dfab189711f4
Requires: plyr

Package: reshape2
Source: CRAN
Version: 1.4.1
Hash: 21b63c5bb8ff2ef850ea40a4cb21d250
Requires: plyr, Rcpp, stringr

Package: scales
Source: CRAN
Version: 0.2.4
Hash: b8b1af97bd07818605223060386b00dd
Requires: dichromat, labeling, munsell, plyr, RColorBrewer

Package: stringr
Source: CRAN
Version: 0.6.2
Hash: cdde0cfa0f52cffeaca23a11a3899779

Package: XML
Source: CRAN
Version: 3.98-1.1
Hash: 13746d37588e7083349177d6e8234864
